
Microsoft Visual Studio Solution File, Format Version 12.00
# Visual Studio Version 17
VisualStudioVersion = 17.13.35617.110
MinimumVisualStudioVersion = 10.0.40219.1
Project("{FAE04EC0-301F-11D3-BF4B-00C04F79EFBC}") = "NovusNodoCore", "NovusNodoCore\NovusNodoCore.csproj", "{7876B6F2-0626-4D07-9658-70CFC782E16D}"
EndProject
Project("{FAE04EC0-301F-11D3-BF4B-00C04F79EFBC}") = "NovusNodoPlugins", "NovusNodoPlugins\NovusNodoPlugins.csproj", "{140A9A81-9912-40B5-8038-0636A1CF1AA0}"
EndProject
Project("{FAE04EC0-301F-11D3-BF4B-00C04F79EFBC}") = "NovusNodoPluginLibrary", "NovusNodoPluginLibrary\NovusNodoPluginLibrary.csproj", "{4558DB4C-9313-43F3-9F2E-425E09F3D475}"
EndProject
Project("{FAE04EC0-301F-11D3-BF4B-00C04F79EFBC}") = "NovusNodo", "NovusNodo\NovusNodo.csproj", "{F49FA6DD-B919-4F0C-A662-AF2E3FA92E87}"
EndProject
Project("{FAE04EC0-301F-11D3-BF4B-00C04F79EFBC}") = "NovusNodoUIPlugins", "NovusNodoUIPlugins\NovusNodoUIPlugins.csproj", "{18F329A2-F623-4DBE-AE96-2BCBF1C77141}"
	ProjectSection(ProjectDependencies) = postProject
		{4558DB4C-9313-43F3-9F2E-425E09F3D475} = {4558DB4C-9313-43F3-9F2E-425E09F3D475}
	EndProjectSection
EndProject
Global
	GlobalSection(SolutionConfigurationPlatforms) = preSolution
		Debug|Any CPU = Debug|Any CPU
		Release|Any CPU = Release|Any CPU
	EndGlobalSection
	GlobalSection(ProjectConfigurationPlatforms) = postSolution
		{7876B6F2-0626-4D07-9658-70CFC782E16D}.Debug|Any CPU.ActiveCfg = Debug|Any CPU
		{7876B6F2-0626-4D07-9658-70CFC782E16D}.Debug|Any CPU.Build.0 = Debug|Any CPU
		{7876B6F2-0626-4D07-9658-70CFC782E16D}.Release|Any CPU.ActiveCfg = Release|Any CPU
		{7876B6F2-0626-4D07-9658-70CFC782E16D}.Release|Any CPU.Build.0 = Release|Any CPU
		{140A9A81-9912-40B5-8038-0636A1CF1AA0}.Debug|Any CPU.ActiveCfg = Debug|Any CPU
		{140A9A81-9912-40B5-8038-0636A1CF1AA0}.Debug|Any CPU.Build.0 = Debug|Any CPU
		{140A9A81-9912-40B5-8038-0636A1CF1AA0}.Release|Any CPU.ActiveCfg = Release|Any CPU
		{140A9A81-9912-40B5-8038-0636A1CF1AA0}.Release|Any CPU.Build.0 = Release|Any CPU
		{4558DB4C-9313-43F3-9F2E-425E09F3D475}.Debug|Any CPU.ActiveCfg = Debug|Any CPU
		{4558DB4C-9313-43F3-9F2E-425E09F3D475}.Debug|Any CPU.Build.0 = Debug|Any CPU
		{4558DB4C-9313-43F3-9F2E-425E09F3D475}.Release|Any CPU.ActiveCfg = Release|Any CPU
		{4558DB4C-9313-43F3-9F2E-425E09F3D475}.Release|Any CPU.Build.0 = Release|Any CPU
		{F49FA6DD-B919-4F0C-A662-AF2E3FA92E87}.Debug|Any CPU.ActiveCfg = Debug|Any CPU
		{F49FA6DD-B919-4F0C-A662-AF2E3FA92E87}.Debug|Any CPU.Build.0 = Debug|Any CPU
		{F49FA6DD-B919-4F0C-A662-AF2E3FA92E87}.Release|Any CPU.ActiveCfg = Release|Any CPU
		{F49FA6DD-B919-4F0C-A662-AF2E3FA92E87}.Release|Any CPU.Build.0 = Release|Any CPU
		{18F329A2-F623-4DBE-AE96-2BCBF1C77141}.Debug|Any CPU.ActiveCfg = Debug|Any CPU
		{18F329A2-F623-4DBE-AE96-2BCBF1C77141}.Debug|Any CPU.Build.0 = Debug|Any CPU
		{18F329A2-F623-4DBE-AE96-2BCBF1C77141}.Release|Any CPU.ActiveCfg = Release|Any CPU
		{18F329A2-F623-4DBE-AE96-2BCBF1C77141}.Release|Any CPU.Build.0 = Release|Any CPU
	EndGlobalSection
	GlobalSection(SolutionProperties) = preSolution
		HideSolutionNode = FALSE
	EndGlobalSection
	GlobalSection(ExtensibilityGlobals) = postSolution
		SolutionGuid = {59983F12-ED0F-407B-B9B3-509A10DBC57F}
	EndGlobalSection
EndGlobal
